
Microsoft Visual Studio Solution File, Format Version 12.00
# Visual Studio 15
VisualStudioVersion = 15.0.26730.8
MinimumVisualStudioVersion = 10.0.40219.1
Project("{FAE04EC0-301F-11D3-BF4B-00C04F79EFBC}") = "Tarea1", "ConsoleApp1\Tarea1.csproj", "{2465CE5C-0A01-4343-8584-9570991F9DDE}"
EndProject
Project("{FAE04EC0-301F-11D3-BF4B-00C04F79EFBC}") = "Tarea2", "Tarea2\Tarea2.csproj", "{C643BDDA-8530-420B-980A-E9A301429F7D}"
EndProject
Project("{FAE04EC0-301F-11D3-BF4B-00C04F79EFBC}") = "Tarea3", "ConsoleApp3\Tarea3.csproj", "{37A1BB67-78C6-41C9-8C85-34F152F6EA4E}"
EndProject
Project("{FAE04EC0-301F-11D3-BF4B-00C04F79EFBC}") = "Tarea4", "Tarea4\Tarea4.csproj", "{16B35438-DB78-4A02-9639-2DDB0957F167}"
EndProject
Project("{FAE04EC0-301F-11D3-BF4B-00C04F79EFBC}") = "Tarea5", "Tarea5\Tarea5.csproj", "{871B6C61-267C-485F-8EA6-70A0468A5CE0}"
EndProject
Global
	GlobalSection(SolutionConfigurationPlatforms) = preSolution
		Debug|Any CPU = Debug|Any CPU
		Release|Any CPU = Release|Any CPU
	EndGlobalSection
	GlobalSection(ProjectConfigurationPlatforms) = postSolution
		{2465CE5C-0A01-4343-8584-9570991F9DDE}.Debug|Any CPU.ActiveCfg = Debug|Any CPU
		{2465CE5C-0A01-4343-8584-9570991F9DDE}.Debug|Any CPU.Build.0 = Debug|Any CPU
		{2465CE5C-0A01-4343-8584-9570991F9DDE}.Release|Any CPU.ActiveCfg = Release|Any CPU
		{2465CE5C-0A01-4343-8584-9570991F9DDE}.Release|Any CPU.Build.0 = Release|Any CPU
		{C643BDDA-8530-420B-980A-E9A301429F7D}.Debug|Any CPU.ActiveCfg = Debug|Any CPU
		{C643BDDA-8530-420B-980A-E9A301429F7D}.Debug|Any CPU.Build.0 = Debug|Any CPU
		{C643BDDA-8530-420B-980A-E9A301429F7D}.Release|Any CPU.ActiveCfg = Release|Any CPU
		{C643BDDA-8530-420B-980A-E9A301429F7D}.Release|Any CPU.Build.0 = Release|Any CPU
		{37A1BB67-78C6-41C9-8C85-34F152F6EA4E}.Debug|Any CPU.ActiveCfg = Debug|Any CPU
		{37A1BB67-78C6-41C9-8C85-34F152F6EA4E}.Debug|Any CPU.Build.0 = Debug|Any CPU
		{37A1BB67-78C6-41C9-8C85-34F152F6EA4E}.Release|Any CPU.ActiveCfg = Release|Any CPU
		{37A1BB67-78C6-41C9-8C85-34F152F6EA4E}.Release|Any CPU.Build.0 = Release|Any CPU
		{16B35438-DB78-4A02-9639-2DDB0957F167}.Debug|Any CPU.ActiveCfg = Debug|Any CPU
		{16B35438-DB78-4A02-9639-2DDB0957F167}.Debug|Any CPU.Build.0 = Debug|Any CPU
		{16B35438-DB78-4A02-9639-2DDB0957F167}.Release|Any CPU.ActiveCfg = Release|Any CPU
		{16B35438-DB78-4A02-9639-2DDB0957F167}.Release|Any CPU.Build.0 = Release|Any CPU
		{871B6C61-267C-485F-8EA6-70A0468A5CE0}.Debug|Any CPU.ActiveCfg = Debug|Any CPU
		{871B6C61-267C-485F-8EA6-70A0468A5CE0}.Debug|Any CPU.Build.0 = Debug|Any CPU
		{871B6C61-267C-485F-8EA6-70A0468A5CE0}.Release|Any CPU.ActiveCfg = Release|Any CPU
		{871B6C61-267C-485F-8EA6-70A0468A5CE0}.Release|Any CPU.Build.0 = Release|Any CPU
	EndGlobalSection
	GlobalSection(SolutionProperties) = preSolution
		HideSolutionNode = FALSE
	EndGlobalSection
	GlobalSection(ExtensibilityGlobals) = postSolution
		SolutionGuid = {B5D3923B-85ED-43A4-BC7C-CF252861120E}
	EndGlobalSection
EndGlobal
