
Microsoft Visual Studio Solution File, Format Version 12.00
# Visual Studio 15
VisualStudioVersion = 15.0.26730.8
MinimumVisualStudioVersion = 10.0.40219.1
Project("{FAE04EC0-301F-11D3-BF4B-00C04F79EFBC}") = "TeacherStudent", "TeacherStudent\TeacherStudent.csproj", "{8D023634-C3B4-4260-B027-41B8382DF548}"
EndProject
Global
	GlobalSection(SolutionConfigurationPlatforms) = preSolution
		Debug|Any CPU = Debug|Any CPU
		Release|Any CPU = Release|Any CPU
	EndGlobalSection
	GlobalSection(ProjectConfigurationPlatforms) = postSolution
		{8D023634-C3B4-4260-B027-41B8382DF548}.Debug|Any CPU.ActiveCfg = Debug|Any CPU
		{8D023634-C3B4-4260-B027-41B8382DF548}.Debug|Any CPU.Build.0 = Debug|Any CPU
		{8D023634-C3B4-4260-B027-41B8382DF548}.Release|Any CPU.ActiveCfg = Release|Any CPU
		{8D023634-C3B4-4260-B027-41B8382DF548}.Release|Any CPU.Build.0 = Release|Any CPU
	EndGlobalSection
	GlobalSection(SolutionProperties) = preSolution
		HideSolutionNode = FALSE
	EndGlobalSection
	GlobalSection(ExtensibilityGlobals) = postSolution
		SolutionGuid = {1748F9AC-D8FC-4A1B-A6D0-A1D794A0771B}
	EndGlobalSection
EndGlobal
